// !$*UTF8*$!
{
	archiveVersion = 1;
	classes = {
	};
	objectVersion = 48;
	objects = {

/* Begin PBXBuildFile section */
		653F2D4221A7C0D900B3B951 /* PantallaFormulario.swift in Sources */ = {isa = PBXBuildFile; fileRef = 653F2D4121A7C0D900B3B951 /* PantallaFormulario.swift */; };
		65ABB4FD219B9849005B1A78 /* Producto.swift in Sources */ = {isa = PBXBuildFile; fileRef = 65ABB4FC219B9849005B1A78 /* Producto.swift */; };
		65ABB4FF219B9E9A005B1A78 /* CeldaProducto.swift in Sources */ = {isa = PBXBuildFile; fileRef = 65ABB4FE219B9E9A005B1A78 /* CeldaProducto.swift */; };
		65E74426219789EB0008539F /* AppDelegate.swift in Sources */ = {isa = PBXBuildFile; fileRef = 65E74425219789EB0008539F /* AppDelegate.swift */; };
		65E74428219789EB0008539F /* ViewController.swift in Sources */ = {isa = PBXBuildFile; fileRef = 65E74427219789EB0008539F /* ViewController.swift */; };
		65E7442B219789EB0008539F /* Main.storyboard in Resources */ = {isa = PBXBuildFile; fileRef = 65E74429219789EB0008539F /* Main.storyboard */; };
		65E7442D219789EB0008539F /* Assets.xcassets in Resources */ = {isa = PBXBuildFile; fileRef = 65E7442C219789EB0008539F /* Assets.xcassets */; };
		65E7443B219789EB0008539F /* KualiTests.swift in Sources */ = {isa = PBXBuildFile; fileRef = 65E7443A219789EB0008539F /* KualiTests.swift */; };
		65E74446219789EB0008539F /* KualiUITests.swift in Sources */ = {isa = PBXBuildFile; fileRef = 65E74445219789EB0008539F /* KualiUITests.swift */; };
		65E7445621978A450008539F /* GoogleService-Info.plist in Resources */ = {isa = PBXBuildFile; fileRef = 65E7445521978A450008539F /* GoogleService-Info.plist */; };
		65E7445721978A450008539F /* GoogleService-Info.plist in Resources */ = {isa = PBXBuildFile; fileRef = 65E7445521978A450008539F /* GoogleService-Info.plist */; };
		65E7445821978A450008539F /* GoogleService-Info.plist in Resources */ = {isa = PBXBuildFile; fileRef = 65E7445521978A450008539F /* GoogleService-Info.plist */; };
		971E65AB219F962300897469 /* VistaFavoritos.swift in Sources */ = {isa = PBXBuildFile; fileRef = 971E65AA219F962300897469 /* VistaFavoritos.swift */; };
		978D220F21A8484A008AD676 /* Iconos.swift in Sources */ = {isa = PBXBuildFile; fileRef = 978D220E21A8484A008AD676 /* Iconos.swift */; };
		97A619A7219F6FF00048FE5E /* ProductosFiltrados.swift in Sources */ = {isa = PBXBuildFile; fileRef = 97A619A6219F6FF00048FE5E /* ProductosFiltrados.swift */; };
		97F63A6B219F21CB00FB8EE8 /* PantallaInicio.swift in Sources */ = {isa = PBXBuildFile; fileRef = 97F63A6A219F21CB00FB8EE8 /* PantallaInicio.swift */; };
		97F63A6D219F2B2D00FB8EE8 /* GeneralInformation.swift in Sources */ = {isa = PBXBuildFile; fileRef = 97F63A6C219F2B2D00FB8EE8 /* GeneralInformation.swift */; };
		97F63A6F219F2EB600FB8EE8 /* CeldaCategoria.swift in Sources */ = {isa = PBXBuildFile; fileRef = 97F63A6E219F2EB600FB8EE8 /* CeldaCategoria.swift */; };
		97F63A71219F2F9800FB8EE8 /* VistaCategorias.swift in Sources */ = {isa = PBXBuildFile; fileRef = 97F63A70219F2F9800FB8EE8 /* VistaCategorias.swift */; };
		CB621EB2219F5B0B00D2B8B2 /* ProductoDetalle.swift in Sources */ = {isa = PBXBuildFile; fileRef = CB621EB1219F5B0B00D2B8B2 /* ProductoDetalle.swift */; };
		F71351B0D24B195B85690294 /* Pods_Kuali.framework in Frameworks */ = {isa = PBXBuildFile; fileRef = 4334DB57EDE7C54A55485B07 /* Pods_Kuali.framework */; };
/* End PBXBuildFile section */

/* Begin PBXContainerItemProxy section */
		65E74437219789EB0008539F /* PBXContainerItemProxy */ = {
			isa = PBXContainerItemProxy;
			containerPortal = 65E7441A219789EB0008539F /* Project object */;
			proxyType = 1;
			remoteGlobalIDString = 65E74421219789EB0008539F;
			remoteInfo = Kuali;
		};
		65E74442219789EB0008539F /* PBXContainerItemProxy */ = {
			isa = PBXContainerItemProxy;
			containerPortal = 65E7441A219789EB0008539F /* Project object */;
			proxyType = 1;
			remoteGlobalIDString = 65E74421219789EB0008539F;
			remoteInfo = Kuali;
		};
/* End PBXContainerItemProxy section */

/* Begin PBXFileReference section */
		00E556D3F436F4DD6A5623CF /* Pods_KualiUITests.framework */ = {isa = PBXFileReference; explicitFileType = wrapper.framework; includeInIndex = 0; path = Pods_KualiUITests.framework; sourceTree = BUILT_PRODUCTS_DIR; };
		4334DB57EDE7C54A55485B07 /* Pods_Kuali.framework */ = {isa = PBXFileReference; explicitFileType = wrapper.framework; includeInIndex = 0; path = Pods_Kuali.framework; sourceTree = BUILT_PRODUCTS_DIR; };
		653F2D4121A7C0D900B3B951 /* PantallaFormulario.swift */ = {isa = PBXFileReference; lastKnownFileType = sourcecode.swift; path = PantallaFormulario.swift; sourceTree = "<group>"; };
		65ABB4FC219B9849005B1A78 /* Producto.swift */ = {isa = PBXFileReference; lastKnownFileType = sourcecode.swift; path = Producto.swift; sourceTree = "<group>"; };
		65ABB4FE219B9E9A005B1A78 /* CeldaProducto.swift */ = {isa = PBXFileReference; lastKnownFileType = sourcecode.swift; path = CeldaProducto.swift; sourceTree = "<group>"; };
		65E74422219789EB0008539F /* Kuali.app */ = {isa = PBXFileReference; explicitFileType = wrapper.application; includeInIndex = 0; path = Kuali.app; sourceTree = BUILT_PRODUCTS_DIR; };
		65E74425219789EB0008539F /* AppDelegate.swift */ = {isa = PBXFileReference; lastKnownFileType = sourcecode.swift; path = AppDelegate.swift; sourceTree = "<group>"; };
		65E74427219789EB0008539F /* ViewController.swift */ = {isa = PBXFileReference; lastKnownFileType = sourcecode.swift; path = ViewController.swift; sourceTree = "<group>"; };
		65E7442A219789EB0008539F /* Base */ = {isa = PBXFileReference; lastKnownFileType = file.storyboard; name = Base; path = Base.lproj/Main.storyboard; sourceTree = "<group>"; };
		65E7442C219789EB0008539F /* Assets.xcassets */ = {isa = PBXFileReference; lastKnownFileType = folder.assetcatalog; path = Assets.xcassets; sourceTree = "<group>"; };
		65E74431219789EB0008539F /* Info.plist */ = {isa = PBXFileReference; lastKnownFileType = text.plist.xml; path = Info.plist; sourceTree = "<group>"; };
		65E74436219789EB0008539F /* KualiTests.xctest */ = {isa = PBXFileReference; explicitFileType = wrapper.cfbundle; includeInIndex = 0; path = KualiTests.xctest; sourceTree = BUILT_PRODUCTS_DIR; };
		65E7443A219789EB0008539F /* KualiTests.swift */ = {isa = PBXFileReference; lastKnownFileType = sourcecode.swift; path = KualiTests.swift; sourceTree = "<group>"; };
		65E7443C219789EB0008539F /* Info.plist */ = {isa = PBXFileReference; lastKnownFileType = text.plist.xml; path = Info.plist; sourceTree = "<group>"; };
		65E74441219789EB0008539F /* KualiUITests.xctest */ = {isa = PBXFileReference; explicitFileType = wrapper.cfbundle; includeInIndex = 0; path = KualiUITests.xctest; sourceTree = BUILT_PRODUCTS_DIR; };
		65E74445219789EB0008539F /* KualiUITests.swift */ = {isa = PBXFileReference; lastKnownFileType = sourcecode.swift; path = KualiUITests.swift; sourceTree = "<group>"; };
		65E74447219789EB0008539F /* Info.plist */ = {isa = PBXFileReference; lastKnownFileType = text.plist.xml; path = Info.plist; sourceTree = "<group>"; };
		65E7445521978A450008539F /* GoogleService-Info.plist */ = {isa = PBXFileReference; fileEncoding = 4; lastKnownFileType = text.plist.xml; path = "GoogleService-Info.plist"; sourceTree = "<group>"; };
		971E65AA219F962300897469 /* VistaFavoritos.swift */ = {isa = PBXFileReference; lastKnownFileType = sourcecode.swift; path = VistaFavoritos.swift; sourceTree = "<group>"; };
		978D220E21A8484A008AD676 /* Iconos.swift */ = {isa = PBXFileReference; lastKnownFileType = sourcecode.swift; path = Iconos.swift; sourceTree = "<group>"; };
		97A619A6219F6FF00048FE5E /* ProductosFiltrados.swift */ = {isa = PBXFileReference; lastKnownFileType = sourcecode.swift; path = ProductosFiltrados.swift; sourceTree = "<group>"; };
		97F63A6A219F21CB00FB8EE8 /* PantallaInicio.swift */ = {isa = PBXFileReference; lastKnownFileType = sourcecode.swift; path = PantallaInicio.swift; sourceTree = "<group>"; };
		97F63A6C219F2B2D00FB8EE8 /* GeneralInformation.swift */ = {isa = PBXFileReference; lastKnownFileType = sourcecode.swift; path = GeneralInformation.swift; sourceTree = "<group>"; };
		97F63A6E219F2EB600FB8EE8 /* CeldaCategoria.swift */ = {isa = PBXFileReference; lastKnownFileType = sourcecode.swift; path = CeldaCategoria.swift; sourceTree = "<group>"; };
		97F63A70219F2F9800FB8EE8 /* VistaCategorias.swift */ = {isa = PBXFileReference; lastKnownFileType = sourcecode.swift; path = VistaCategorias.swift; sourceTree = "<group>"; };
		BFEC674F092931DB0C5E380A /* Pods-Kuali.debug.xcconfig */ = {isa = PBXFileReference; includeInIndex = 1; lastKnownFileType = text.xcconfig; name = "Pods-Kuali.debug.xcconfig"; path = "Pods/Target Support Files/Pods-Kuali/Pods-Kuali.debug.xcconfig"; sourceTree = "<group>"; };
		C137D94F3D35A43332E306DF /* Pods-Kuali.release.xcconfig */ = {isa = PBXFileReference; includeInIndex = 1; lastKnownFileType = text.xcconfig; name = "Pods-Kuali.release.xcconfig"; path = "Pods/Target Support Files/Pods-Kuali/Pods-Kuali.release.xcconfig"; sourceTree = "<group>"; };
		CB621EB1219F5B0B00D2B8B2 /* ProductoDetalle.swift */ = {isa = PBXFileReference; lastKnownFileType = sourcecode.swift; path = ProductoDetalle.swift; sourceTree = "<group>"; };
		E32B60362A1C09EB51DA012F /* Pods_KualiTests.framework */ = {isa = PBXFileReference; explicitFileType = wrapper.framework; includeInIndex = 0; path = Pods_KualiTests.framework; sourceTree = BUILT_PRODUCTS_DIR; };
/* End PBXFileReference section */

/* Begin PBXFrameworksBuildPhase section */
		65E7441F219789EB0008539F /* Frameworks */ = {
			isa = PBXFrameworksBuildPhase;
			buildActionMask = 2147483647;
			files = (
				F71351B0D24B195B85690294 /* Pods_Kuali.framework in Frameworks */,
			);
			runOnlyForDeploymentPostprocessing = 0;
		};
		65E74433219789EB0008539F /* Frameworks */ = {
			isa = PBXFrameworksBuildPhase;
			buildActionMask = 2147483647;
			files = (
			);
			runOnlyForDeploymentPostprocessing = 0;
		};
		65E7443E219789EB0008539F /* Frameworks */ = {
			isa = PBXFrameworksBuildPhase;
			buildActionMask = 2147483647;
			files = (
			);
			runOnlyForDeploymentPostprocessing = 0;
		};
/* End PBXFrameworksBuildPhase section */

/* Begin PBXGroup section */
		255BD71E77648385E0F3234B /* Pods */ = {
			isa = PBXGroup;
			children = (
				BFEC674F092931DB0C5E380A /* Pods-Kuali.debug.xcconfig */,
				C137D94F3D35A43332E306DF /* Pods-Kuali.release.xcconfig */,
			);
			name = Pods;
			sourceTree = "<group>";
		};
		65E74419219789EB0008539F = {
			isa = PBXGroup;
			children = (
				65E74424219789EB0008539F /* Kuali */,
				65E74439219789EB0008539F /* KualiTests */,
				65E74444219789EB0008539F /* KualiUITests */,
				65E74423219789EB0008539F /* Products */,
				255BD71E77648385E0F3234B /* Pods */,
				F7116D689378DC381AEB6B20 /* Frameworks */,
			);
			sourceTree = "<group>";
		};
		65E74423219789EB0008539F /* Products */ = {
			isa = PBXGroup;
			children = (
				65E74422219789EB0008539F /* Kuali.app */,
				65E74436219789EB0008539F /* KualiTests.xctest */,
				65E74441219789EB0008539F /* KualiUITests.xctest */,
			);
			name = Products;
			sourceTree = "<group>";
		};
		65E74424219789EB0008539F /* Kuali */ = {
			isa = PBXGroup;
			children = (
				65E74425219789EB0008539F /* AppDelegate.swift */,
				97F63A70219F2F9800FB8EE8 /* VistaCategorias.swift */,
				CB621EB1219F5B0B00D2B8B2 /* ProductoDetalle.swift */,
				971E65AA219F962300897469 /* VistaFavoritos.swift */,
				65E74427219789EB0008539F /* ViewController.swift */,
				978D220E21A8484A008AD676 /* Iconos.swift */,
				65E74429219789EB0008539F /* Main.storyboard */,
				653F2D4121A7C0D900B3B951 /* PantallaFormulario.swift */,
				65ABB4FE219B9E9A005B1A78 /* CeldaProducto.swift */,
				65ABB4FC219B9849005B1A78 /* Producto.swift */,
				65E7442C219789EB0008539F /* Assets.xcassets */,
				65E7445521978A450008539F /* GoogleService-Info.plist */,
				65E74431219789EB0008539F /* Info.plist */,
				97F63A6A219F21CB00FB8EE8 /* PantallaInicio.swift */,
				97F63A6C219F2B2D00FB8EE8 /* GeneralInformation.swift */,
				97F63A6E219F2EB600FB8EE8 /* CeldaCategoria.swift */,
				97A619A6219F6FF00048FE5E /* ProductosFiltrados.swift */,
			);
			path = Kuali;
			sourceTree = "<group>";
		};
		65E74439219789EB0008539F /* KualiTests */ = {
			isa = PBXGroup;
			children = (
				65E7443A219789EB0008539F /* KualiTests.swift */,
				65E7443C219789EB0008539F /* Info.plist */,
			);
			path = KualiTests;
			sourceTree = "<group>";
		};
		65E74444219789EB0008539F /* KualiUITests */ = {
			isa = PBXGroup;
			children = (
				65E74445219789EB0008539F /* KualiUITests.swift */,
				65E74447219789EB0008539F /* Info.plist */,
			);
			path = KualiUITests;
			sourceTree = "<group>";
		};
		F7116D689378DC381AEB6B20 /* Frameworks */ = {
			isa = PBXGroup;
			children = (
				4334DB57EDE7C54A55485B07 /* Pods_Kuali.framework */,
				E32B60362A1C09EB51DA012F /* Pods_KualiTests.framework */,
				00E556D3F436F4DD6A5623CF /* Pods_KualiUITests.framework */,
			);
			name = Frameworks;
			sourceTree = "<group>";
		};
/* End PBXGroup section */

/* Begin PBXNativeTarget section */
		65E74421219789EB0008539F /* Kuali */ = {
			isa = PBXNativeTarget;
			buildConfigurationList = 65E7444A219789EB0008539F /* Build configuration list for PBXNativeTarget "Kuali" */;
			buildPhases = (
				5F765E57A4A8B7CE6C51E817 /* [CP] Check Pods Manifest.lock */,
				65E7441E219789EB0008539F /* Sources */,
				65E7441F219789EB0008539F /* Frameworks */,
				65E74420219789EB0008539F /* Resources */,
				AEB0FC49B610CD6AD0C548F5 /* [CP] Embed Pods Frameworks */,
			);
			buildRules = (
			);
			dependencies = (
			);
			name = Kuali;
			productName = Kuali;
			productReference = 65E74422219789EB0008539F /* Kuali.app */;
			productType = "com.apple.product-type.application";
		};
		65E74435219789EB0008539F /* KualiTests */ = {
			isa = PBXNativeTarget;
			buildConfigurationList = 65E7444D219789EB0008539F /* Build configuration list for PBXNativeTarget "KualiTests" */;
			buildPhases = (
				65E74432219789EB0008539F /* Sources */,
				65E74433219789EB0008539F /* Frameworks */,
				65E74434219789EB0008539F /* Resources */,
			);
			buildRules = (
			);
			dependencies = (
				65E74438219789EB0008539F /* PBXTargetDependency */,
			);
			name = KualiTests;
			productName = KualiTests;
			productReference = 65E74436219789EB0008539F /* KualiTests.xctest */;
			productType = "com.apple.product-type.bundle.unit-test";
		};
		65E74440219789EB0008539F /* KualiUITests */ = {
			isa = PBXNativeTarget;
			buildConfigurationList = 65E74450219789EB0008539F /* Build configuration list for PBXNativeTarget "KualiUITests" */;
			buildPhases = (
				65E7443D219789EB0008539F /* Sources */,
				65E7443E219789EB0008539F /* Frameworks */,
				65E7443F219789EB0008539F /* Resources */,
			);
			buildRules = (
			);
			dependencies = (
				65E74443219789EB0008539F /* PBXTargetDependency */,
			);
			name = KualiUITests;
			productName = KualiUITests;
			productReference = 65E74441219789EB0008539F /* KualiUITests.xctest */;
			productType = "com.apple.product-type.bundle.ui-testing";
		};
/* End PBXNativeTarget section */

/* Begin PBXProject section */
		65E7441A219789EB0008539F /* Project object */ = {
			isa = PBXProject;
			attributes = {
				LastSwiftUpdateCheck = 0920;
				LastUpgradeCheck = 0920;
				ORGANIZATIONNAME = Kuali;
				TargetAttributes = {
					65E74421219789EB0008539F = {
						CreatedOnToolsVersion = 9.2;
						ProvisioningStyle = Automatic;
					};
					65E74435219789EB0008539F = {
						CreatedOnToolsVersion = 9.2;
						ProvisioningStyle = Automatic;
						TestTargetID = 65E74421219789EB0008539F;
					};
					65E74440219789EB0008539F = {
						CreatedOnToolsVersion = 9.2;
						ProvisioningStyle = Automatic;
						TestTargetID = 65E74421219789EB0008539F;
					};
				};
			};
			buildConfigurationList = 65E7441D219789EB0008539F /* Build configuration list for PBXProject "Kuali" */;
			compatibilityVersion = "Xcode 8.0";
			developmentRegion = en;
			hasScannedForEncodings = 0;
			knownRegions = (
				en,
				Base,
			);
			mainGroup = 65E74419219789EB0008539F;
			productRefGroup = 65E74423219789EB0008539F /* Products */;
			projectDirPath = "";
			projectRoot = "";
			targets = (
				65E74421219789EB0008539F /* Kuali */,
				65E74435219789EB0008539F /* KualiTests */,
				65E74440219789EB0008539F /* KualiUITests */,
			);
		};
/* End PBXProject section */

/* Begin PBXResourcesBuildPhase section */
		65E74420219789EB0008539F /* Resources */ = {
			isa = PBXResourcesBuildPhase;
			buildActionMask = 2147483647;
			files = (
				65E7445621978A450008539F /* GoogleService-Info.plist in Resources */,
				65E7442D219789EB0008539F /* Assets.xcassets in Resources */,
				65E7442B219789EB0008539F /* Main.storyboard in Resources */,
			);
			runOnlyForDeploymentPostprocessing = 0;
		};
		65E74434219789EB0008539F /* Resources */ = {
			isa = PBXResourcesBuildPhase;
			buildActionMask = 2147483647;
			files = (
				65E7445721978A450008539F /* GoogleService-Info.plist in Resources */,
			);
			runOnlyForDeploymentPostprocessing = 0;
		};
		65E7443F219789EB0008539F /* Resources */ = {
			isa = PBXResourcesBuildPhase;
			buildActionMask = 2147483647;
			files = (
				65E7445821978A450008539F /* GoogleService-Info.plist in Resources */,
			);
			runOnlyForDeploymentPostprocessing = 0;
		};
/* End PBXResourcesBuildPhase section */

/* Begin PBXShellScriptBuildPhase section */
		5F765E57A4A8B7CE6C51E817 /* [CP] Check Pods Manifest.lock */ = {
			isa = PBXShellScriptBuildPhase;
			buildActionMask = 2147483647;
			files = (
			);
			inputPaths = (
				"${PODS_PODFILE_DIR_PATH}/Podfile.lock",
				"${PODS_ROOT}/Manifest.lock",
			);
			name = "[CP] Check Pods Manifest.lock";
			outputPaths = (
				"$(DERIVED_FILE_DIR)/Pods-Kuali-checkManifestLockResult.txt",
			);
			runOnlyForDeploymentPostprocessing = 0;
			shellPath = /bin/sh;
			shellScript = "diff \"${PODS_PODFILE_DIR_PATH}/Podfile.lock\" \"${PODS_ROOT}/Manifest.lock\" > /dev/null\nif [ $? != 0 ] ; then\n    # print error to STDERR\n    echo \"error: The sandbox is not in sync with the Podfile.lock. Run 'pod install' or update your CocoaPods installation.\" >&2\n    exit 1\nfi\n# This output is used by Xcode 'outputs' to avoid re-running this script phase.\necho \"SUCCESS\" > \"${SCRIPT_OUTPUT_FILE_0}\"\n";
			showEnvVarsInLog = 0;
		};
		AEB0FC49B610CD6AD0C548F5 /* [CP] Embed Pods Frameworks */ = {
			isa = PBXShellScriptBuildPhase;
			buildActionMask = 2147483647;
			files = (
			);
			inputPaths = (
				"${SRCROOT}/Pods/Target Support Files/Pods-Kuali/Pods-Kuali-frameworks.sh",
				"${BUILT_PRODUCTS_DIR}/GoogleUtilities/GoogleUtilities.framework",
				"${BUILT_PRODUCTS_DIR}/leveldb-library/leveldb.framework",
				"${BUILT_PRODUCTS_DIR}/nanopb/nanopb.framework",
			);
			name = "[CP] Embed Pods Frameworks";
			outputPaths = (
				"${TARGET_BUILD_DIR}/${FRAMEWORKS_FOLDER_PATH}/GoogleUtilities.framework",
				"${TARGET_BUILD_DIR}/${FRAMEWORKS_FOLDER_PATH}/leveldb.framework",
				"${TARGET_BUILD_DIR}/${FRAMEWORKS_FOLDER_PATH}/nanopb.framework",
			);
			runOnlyForDeploymentPostprocessing = 0;
			shellPath = /bin/sh;
			shellScript = "\"${SRCROOT}/Pods/Target Support Files/Pods-Kuali/Pods-Kuali-frameworks.sh\"\n";
			showEnvVarsInLog = 0;
		};
/* End PBXShellScriptBuildPhase section */

/* Begin PBXSourcesBuildPhase section */
		65E7441E219789EB0008539F /* Sources */ = {
			isa = PBXSourcesBuildPhase;
			buildActionMask = 2147483647;
			files = (
				65ABB4FD219B9849005B1A78 /* Producto.swift in Sources */,
				97F63A71219F2F9800FB8EE8 /* VistaCategorias.swift in Sources */,
				978D220F21A8484A008AD676 /* Iconos.swift in Sources */,
				65E74428219789EB0008539F /* ViewController.swift in Sources */,
				971E65AB219F962300897469 /* VistaFavoritos.swift in Sources */,
				97F63A6F219F2EB600FB8EE8 /* CeldaCategoria.swift in Sources */,
				CB621EB2219F5B0B00D2B8B2 /* ProductoDetalle.swift in Sources */,
				97F63A6B219F21CB00FB8EE8 /* PantallaInicio.swift in Sources */,
				97F63A6D219F2B2D00FB8EE8 /* GeneralInformation.swift in Sources */,
				653F2D4221A7C0D900B3B951 /* PantallaFormulario.swift in Sources */,
				65E74426219789EB0008539F /* AppDelegate.swift in Sources */,
				97A619A7219F6FF00048FE5E /* ProductosFiltrados.swift in Sources */,
				65ABB4FF219B9E9A005B1A78 /* CeldaProducto.swift in Sources */,
			);
			runOnlyForDeploymentPostprocessing = 0;
		};
		65E74432219789EB0008539F /* Sources */ = {
			isa = PBXSourcesBuildPhase;
			buildActionMask = 2147483647;
			files = (
				65E7443B219789EB0008539F /* KualiTests.swift in Sources */,
			);
			runOnlyForDeploymentPostprocessing = 0;
		};
		65E7443D219789EB0008539F /* Sources */ = {
			isa = PBXSourcesBuildPhase;
			buildActionMask = 2147483647;
			files = (
				65E74446219789EB0008539F /* KualiUITests.swift in Sources */,
			);
			runOnlyForDeploymentPostprocessing = 0;
		};
/* End PBXSourcesBuildPhase section */

/* Begin PBXTargetDependency section */
		65E74438219789EB0008539F /* PBXTargetDependency */ = {
			isa = PBXTargetDependency;
			target = 65E74421219789EB0008539F /* Kuali */;
			targetProxy = 65E74437219789EB0008539F /* PBXContainerItemProxy */;
		};
		65E74443219789EB0008539F /* PBXTargetDependency */ = {
			isa = PBXTargetDependency;
			target = 65E74421219789EB0008539F /* Kuali */;
			targetProxy = 65E74442219789EB0008539F /* PBXContainerItemProxy */;
		};
/* End PBXTargetDependency section */

/* Begin PBXVariantGroup section */
		65E74429219789EB0008539F /* Main.storyboard */ = {
			isa = PBXVariantGroup;
			children = (
				65E7442A219789EB0008539F /* Base */,
			);
			name = Main.storyboard;
			sourceTree = "<group>";
		};
/* End PBXVariantGroup section */

/* Begin XCBuildConfiguration section */
		65E74448219789EB0008539F /* Debug */ = {
			isa = XCBuildConfiguration;
			buildSettings = {
				ALWAYS_SEARCH_USER_PATHS = NO;
				CLANG_ANALYZER_NONNULL = YES;
				CLANG_ANALYZER_NUMBER_OBJECT_CONVERSION = YES_AGGRESSIVE;
				CLANG_CXX_LANGUAGE_STANDARD = "gnu++14";
				CLANG_CXX_LIBRARY = "libc++";
				CLANG_ENABLE_MODULES = YES;
				CLANG_ENABLE_OBJC_ARC = YES;
				CLANG_WARN_BLOCK_CAPTURE_AUTORELEASING = YES;
				CLANG_WARN_BOOL_CONVERSION = YES;
				CLANG_WARN_COMMA = YES;
				CLANG_WARN_CONSTANT_CONVERSION = YES;
				CLANG_WARN_DIRECT_OBJC_ISA_USAGE = YES_ERROR;
				CLANG_WARN_DOCUMENTATION_COMMENTS = YES;
				CLANG_WARN_EMPTY_BODY = YES;
				CLANG_WARN_ENUM_CONVERSION = YES;
				CLANG_WARN_INFINITE_RECURSION = YES;
				CLANG_WARN_INT_CONVERSION = YES;
				CLANG_WARN_NON_LITERAL_NULL_CONVERSION = YES;
				CLANG_WARN_OBJC_LITERAL_CONVERSION = YES;
				CLANG_WARN_OBJC_ROOT_CLASS = YES_ERROR;
				CLANG_WARN_RANGE_LOOP_ANALYSIS = YES;
				CLANG_WARN_STRICT_PROTOTYPES = YES;
				CLANG_WARN_SUSPICIOUS_MOVE = YES;
				CLANG_WARN_UNGUARDED_AVAILABILITY = YES_AGGRESSIVE;
				CLANG_WARN_UNREACHABLE_CODE = YES;
				CLANG_WARN__DUPLICATE_METHOD_MATCH = YES;
				CODE_SIGN_IDENTITY = "iPhone Developer";
				COPY_PHASE_STRIP = NO;
				DEBUG_INFORMATION_FORMAT = dwarf;
				ENABLE_STRICT_OBJC_MSGSEND = YES;
				ENABLE_TESTABILITY = YES;
				GCC_C_LANGUAGE_STANDARD = gnu11;
				GCC_DYNAMIC_NO_PIC = NO;
				GCC_NO_COMMON_BLOCKS = YES;
				GCC_OPTIMIZATION_LEVEL = 0;
				GCC_PREPROCESSOR_DEFINITIONS = (
					"DEBUG=1",
					"$(inherited)",
				);
				GCC_WARN_64_TO_32_BIT_CONVERSION = YES;
				GCC_WARN_ABOUT_RETURN_TYPE = YES_ERROR;
				GCC_WARN_UNDECLARED_SELECTOR = YES;
				GCC_WARN_UNINITIALIZED_AUTOS = YES_AGGRESSIVE;
				GCC_WARN_UNUSED_FUNCTION = YES;
				GCC_WARN_UNUSED_VARIABLE = YES;
				IPHONEOS_DEPLOYMENT_TARGET = 10.0;
				MTL_ENABLE_DEBUG_INFO = YES;
				ONLY_ACTIVE_ARCH = YES;
				SDKROOT = iphoneos;
				SWIFT_ACTIVE_COMPILATION_CONDITIONS = DEBUG;
				SWIFT_OPTIMIZATION_LEVEL = "-Onone";
			};
			name = Debug;
		};
		65E74449219789EB0008539F /* Release */ = {
			isa = XCBuildConfiguration;
			buildSettings = {
				ALWAYS_SEARCH_USER_PATHS = NO;
				CLANG_ANALYZER_NONNULL = YES;
				CLANG_ANALYZER_NUMBER_OBJECT_CONVERSION = YES_AGGRESSIVE;
				CLANG_CXX_LANGUAGE_STANDARD = "gnu++14";
				CLANG_CXX_LIBRARY = "libc++";
				CLANG_ENABLE_MODULES = YES;
				CLANG_ENABLE_OBJC_ARC = YES;
				CLANG_WARN_BLOCK_CAPTURE_AUTORELEASING = YES;
				CLANG_WARN_BOOL_CONVERSION = YES;
				CLANG_WARN_COMMA = YES;
				CLANG_WARN_CONSTANT_CONVERSION = YES;
				CLANG_WARN_DIRECT_OBJC_ISA_USAGE = YES_ERROR;
				CLANG_WARN_DOCUMENTATION_COMMENTS = YES;
				CLANG_WARN_EMPTY_BODY = YES;
				CLANG_WARN_ENUM_CONVERSION = YES;
				CLANG_WARN_INFINITE_RECURSION = YES;
				CLANG_WARN_INT_CONVERSION = YES;
				CLANG_WARN_NON_LITERAL_NULL_CONVERSION = YES;
				CLANG_WARN_OBJC_LITERAL_CONVERSION = YES;
				CLANG_WARN_OBJC_ROOT_CLASS = YES_ERROR;
				CLANG_WARN_RANGE_LOOP_ANALYSIS = YES;
				CLANG_WARN_STRICT_PROTOTYPES = YES;
				CLANG_WARN_SUSPICIOUS_MOVE = YES;
				CLANG_WARN_UNGUARDED_AVAILABILITY = YES_AGGRESSIVE;
				CLANG_WARN_UNREACHABLE_CODE = YES;
				CLANG_WARN__DUPLICATE_METHOD_MATCH = YES;
				CODE_SIGN_IDENTITY = "iPhone Developer";
				COPY_PHASE_STRIP = NO;
				DEBUG_INFORMATION_FORMAT = "dwarf-with-dsym";
				ENABLE_NS_ASSERTIONS = NO;
				ENABLE_STRICT_OBJC_MSGSEND = YES;
				GCC_C_LANGUAGE_STANDARD = gnu11;
				GCC_NO_COMMON_BLOCKS = YES;
				GCC_WARN_64_TO_32_BIT_CONVERSION = YES;
				GCC_WARN_ABOUT_RETURN_TYPE = YES_ERROR;
				GCC_WARN_UNDECLARED_SELECTOR = YES;
				GCC_WARN_UNINITIALIZED_AUTOS = YES_AGGRESSIVE;
				GCC_WARN_UNUSED_FUNCTION = YES;
				GCC_WARN_UNUSED_VARIABLE = YES;
				IPHONEOS_DEPLOYMENT_TARGET = 10.0;
				MTL_ENABLE_DEBUG_INFO = NO;
				SDKROOT = iphoneos;
				SWIFT_OPTIMIZATION_LEVEL = "-Owholemodule";
				VALIDATE_PRODUCT = YES;
			};
			name = Release;
		};
		65E7444B219789EB0008539F /* Debug */ = {
			isa = XCBuildConfiguration;
			baseConfigurationReference = BFEC674F092931DB0C5E380A /* Pods-Kuali.debug.xcconfig */;
			buildSettings = {
				ASSETCATALOG_COMPILER_APPICON_NAME = AppIcon;
				CODE_SIGN_STYLE = Automatic;
				INFOPLIST_FILE = Kuali/Info.plist;
				IPHONEOS_DEPLOYMENT_TARGET = 9.0;
				LD_RUNPATH_SEARCH_PATHS = "$(inherited) @executable_path/Frameworks";
				PRODUCT_BUNDLE_IDENTIFIER = mx.rmr.kuali;
				PRODUCT_NAME = "$(TARGET_NAME)";
				SWIFT_VERSION = 4.0;
				TARGETED_DEVICE_FAMILY = "1,2";
			};
			name = Debug;
		};
		65E7444C219789EB0008539F /* Release */ = {
			isa = XCBuildConfiguration;
			baseConfigurationReference = C137D94F3D35A43332E306DF /* Pods-Kuali.release.xcconfig */;
			buildSettings = {
				ASSETCATALOG_COMPILER_APPICON_NAME = AppIcon;
				CODE_SIGN_STYLE = Automatic;
				INFOPLIST_FILE = Kuali/Info.plist;
				IPHONEOS_DEPLOYMENT_TARGET = 9.0;
				LD_RUNPATH_SEARCH_PATHS = "$(inherited) @executable_path/Frameworks";
				PRODUCT_BUNDLE_IDENTIFIER = mx.rmr.kuali;
				PRODUCT_NAME = "$(TARGET_NAME)";
				SWIFT_VERSION = 4.0;
				TARGETED_DEVICE_FAMILY = "1,2";
			};
			name = Release;
		};
		65E7444E219789EB0008539F /* Debug */ = {
			isa = XCBuildConfiguration;
			buildSettings = {
				ALWAYS_EMBED_SWIFT_STANDARD_LIBRARIES = YES;
				BUNDLE_LOADER = "$(TEST_HOST)";
				CODE_SIGN_STYLE = Automatic;
				INFOPLIST_FILE = KualiTests/Info.plist;
				LD_RUNPATH_SEARCH_PATHS = "$(inherited) @executable_path/Frameworks @loader_path/Frameworks";
				PRODUCT_BUNDLE_IDENTIFIER = mx.itesm.kuali.KualiTests;
				PRODUCT_NAME = "$(TARGET_NAME)";
				SWIFT_VERSION = 4.0;
				TARGETED_DEVICE_FAMILY = "1,2";
				TEST_HOST = "$(BUILT_PRODUCTS_DIR)/Kuali.app/Kuali";
			};
			name = Debug;
		};
		65E7444F219789EB0008539F /* Release */ = {
			isa = XCBuildConfiguration;
			buildSettings = {
				ALWAYS_EMBED_SWIFT_STANDARD_LIBRARIES = YES;
				BUNDLE_LOADER = "$(TEST_HOST)";
				CODE_SIGN_STYLE = Automatic;
				INFOPLIST_FILE = KualiTests/Info.plist;
				LD_RUNPATH_SEARCH_PATHS = "$(inherited) @executable_path/Frameworks @loader_path/Frameworks";
				PRODUCT_BUNDLE_IDENTIFIER = mx.itesm.kuali.KualiTests;
				PRODUCT_NAME = "$(TARGET_NAME)";
				SWIFT_VERSION = 4.0;
				TARGETED_DEVICE_FAMILY = "1,2";
				TEST_HOST = "$(BUILT_PRODUCTS_DIR)/Kuali.app/Kuali";
			};
			name = Release;
		};
		65E74451219789EB0008539F /* Debug */ = {
			isa = XCBuildConfiguration;
			buildSettings = {
				ALWAYS_EMBED_SWIFT_STANDARD_LIBRARIES = YES;
				CODE_SIGN_STYLE = Automatic;
				INFOPLIST_FILE = KualiUITests/Info.plist;
				LD_RUNPATH_SEARCH_PATHS = "$(inherited) @executable_path/Frameworks @loader_path/Frameworks";
				PRODUCT_BUNDLE_IDENTIFIER = mx.itesm.kuali.KualiUITests;
				PRODUCT_NAME = "$(TARGET_NAME)";
				SWIFT_VERSION = 4.0;
				TARGETED_DEVICE_FAMILY = "1,2";
				TEST_TARGET_NAME = Kuali;
			};
			name = Debug;
		};
		65E74452219789EB0008539F /* Release */ = {
			isa = XCBuildConfiguration;
			buildSettings = {
				ALWAYS_EMBED_SWIFT_STANDARD_LIBRARIES = YES;
				CODE_SIGN_STYLE = Automatic;
				INFOPLIST_FILE = KualiUITests/Info.plist;
				LD_RUNPATH_SEARCH_PATHS = "$(inherited) @executable_path/Frameworks @loader_path/Frameworks";
				PRODUCT_BUNDLE_IDENTIFIER = mx.itesm.kuali.KualiUITests;
				PRODUCT_NAME = "$(TARGET_NAME)";
				SWIFT_VERSION = 4.0;
				TARGETED_DEVICE_FAMILY = "1,2";
				TEST_TARGET_NAME = Kuali;
			};
			name = Release;
		};
/* End XCBuildConfiguration section */

/* Begin XCConfigurationList section */
		65E7441D219789EB0008539F /* Build configuration list for PBXProject "Kuali" */ = {
			isa = XCConfigurationList;
			buildConfigurations = (
				65E74448219789EB0008539F /* Debug */,
				65E74449219789EB0008539F /* Release */,
			);
			defaultConfigurationIsVisible = 0;
			defaultConfigurationName = Release;
		};
		65E7444A219789EB0008539F /* Build configuration list for PBXNativeTarget "Kuali" */ = {
			isa = XCConfigurationList;
			buildConfigurations = (
				65E7444B219789EB0008539F /* Debug */,
				65E7444C219789EB0008539F /* Release */,
			);
			defaultConfigurationIsVisible = 0;
			defaultConfigurationName = Release;
		};
		65E7444D219789EB0008539F /* Build configuration list for PBXNativeTarget "KualiTests" */ = {
			isa = XCConfigurationList;
			buildConfigurations = (
				65E7444E219789EB0008539F /* Debug */,
				65E7444F219789EB0008539F /* Release */,
			);
			defaultConfigurationIsVisible = 0;
			defaultConfigurationName = Release;
		};
		65E74450219789EB0008539F /* Build configuration list for PBXNativeTarget "KualiUITests" */ = {
			isa = XCConfigurationList;
			buildConfigurations = (
				65E74451219789EB0008539F /* Debug */,
				65E74452219789EB0008539F /* Release */,
			);
			defaultConfigurationIsVisible = 0;
			defaultConfigurationName = Release;
		};
/* End XCConfigurationList section */
	};
	rootObject = 65E7441A219789EB0008539F /* Project object */;
}
